
Microsoft Visual Studio Solution File, Format Version 12.00
# Visual Studio Version 17
VisualStudioVersion = 17.5.33424.131
MinimumVisualStudioVersion = 10.0.40219.1
Project("{8BC9CEB8-8B4A-11D0-8D11-00A0C91BC942}") = "HomeWork0317", "HomeWork0317\HomeWork0317.vcxproj", "{C0AE4BC8-B0BF-49FF-BE13-46553D3CCE5D}"
EndProject
Project("{8BC9CEB8-8B4A-11D0-8D11-00A0C91BC942}") = "HomeWork0321", "HomeWork0321\HomeWork0321.vcxproj", "{CD757C77-BFB1-4AA0-AD29-3752180AE326}"
EndProject
Project("{8BC9CEB8-8B4A-11D0-8D11-00A0C91BC942}") = "HomeWork0323", "HomeWork0323\HomeWork0323.vcxproj", "{269B33E4-B85C-4F80-BBD0-3C08055E7946}"
EndProject
Project("{8BC9CEB8-8B4A-11D0-8D11-00A0C91BC942}") = "HomeWork0324", "HomeWork0324\HomeWork0324.vcxproj", "{52951895-7A88-4928-9CFA-40890F50FD11}"
EndProject
Project("{8BC9CEB8-8B4A-11D0-8D11-00A0C91BC942}") = "HomeWork0327", "HomeWork0327\HomeWork0327.vcxproj", "{2DE6695C-B1B3-41E1-9FD5-11FBBF9FFF1A}"
EndProject
Project("{8BC9CEB8-8B4A-11D0-8D11-00A0C91BC942}") = "HomeWork0329", "HomeWork0329\HomeWork0329.vcxproj", "{E423A8D0-DF6C-4C10-A1BF-D3B421A26EF3}"
EndProject
Project("{8BC9CEB8-8B4A-11D0-8D11-00A0C91BC942}") = "HomeWork0330", "HomeWork0330\HomeWork0330.vcxproj", "{B7B3AE5D-D512-4EA3-91FE-4103E3987AC8}"
EndProject
Project("{8BC9CEB8-8B4A-11D0-8D11-00A0C91BC942}") = "HomeWork0331", "HomeWork0331\HomeWork0331.vcxproj", "{D11703CC-D5F0-4F31-87A3-583D6389B2F0}"
EndProject
Project("{2150E333-8FDC-42A3-9474-1A3956D46DE8}") = "ETC", "ETC", "{8D2D9454-7C0C-4EF4-9763-F539FF0705B3}"
EndProject
Project("{8BC9CEB8-8B4A-11D0-8D11-00A0C91BC942}") = "ClassDefault", "ClassDefault\ClassDefault.vcxproj", "{87A941EB-EAF5-4409-857F-540C34F8003C}"
EndProject
Project("{8BC9CEB8-8B4A-11D0-8D11-00A0C91BC942}") = "HomeWork0405", "HomeWork0405\HomeWork0405.vcxproj", "{D50C40F3-DDA5-4A31-85B0-9A83ED1114C9}"
EndProject
Project("{2150E333-8FDC-42A3-9474-1A3956D46DE8}") = "Base", "Base", "{211A101F-D0B4-409B-A4D9-37631C0A28B4}"
EndProject
Project("{8BC9CEB8-8B4A-11D0-8D11-00A0C91BC942}") = "GameEngineBase", "GameEngineBase\GameEngineBase.vcxproj", "{F08BA8D1-0735-4EC2-B062-EAC0FA25FE48}"
EndProject
Project("{8BC9CEB8-8B4A-11D0-8D11-00A0C91BC942}") = "GameEngineConsole", "GameEngineConsole\GameEngineConsole.vcxproj", "{AC5D2E73-EBFB-4063-ACD0-A9017086E827}"
EndProject
Project("{8BC9CEB8-8B4A-11D0-8D11-00A0C91BC942}") = "HomeWork0410", "HomeWork0410\HomeWork0410.vcxproj", "{60FEADF2-1005-4ABF-8687-F8CA9B744CE4}"
EndProject
Project("{8BC9CEB8-8B4A-11D0-8D11-00A0C91BC942}") = "HomeWork0411", "HomeWork0411\HomeWork0411.vcxproj", "{CAD29BFC-BE18-4C7F-876C-A6B1255B2E68}"
EndProject
Project("{2150E333-8FDC-42A3-9474-1A3956D46DE8}") = "DataSturct", "DataSturct", "{25C50BDC-5902-4885-8CF0-9DE79204B161}"
EndProject
Project("{8BC9CEB8-8B4A-11D0-8D11-00A0C91BC942}") = "GameEngineArray", "GameEngineArray\GameEngineArray.vcxproj", "{331187BB-2BF4-4E56-8007-51AB6D436B7E}"
EndProject
Project("{8BC9CEB8-8B4A-11D0-8D11-00A0C91BC942}") = "GameEngineList", "GameEngineList\GameEngineList.vcxproj", "{F6AED5B6-F980-4436-8369-039A3AF35777}"
EndProject
Project("{8BC9CEB8-8B4A-11D0-8D11-00A0C91BC942}") = "GameEngineNode", "GameEngineNode\GameEngineNode.vcxproj", "{CFF8C650-3D13-4625-BF79-9E49A4075F60}"
EndProject
Project("{8BC9CEB8-8B4A-11D0-8D11-00A0C91BC942}") = "GameEngineVector", "GameEngineVector\GameEngineVector.vcxproj", "{14F87D79-DB1E-4663-892F-3A2BCD73B160}"
EndProject
Project("{8BC9CEB8-8B4A-11D0-8D11-00A0C91BC942}") = "HomeWork0413", "HomeWork0413\HomeWork0413.vcxproj", "{28DF2DDB-4DC1-4EA0-A6C3-99EEBB9A28B4}"
EndProject
Project("{2150E333-8FDC-42A3-9474-1A3956D46DE8}") = "HomeWork0414", "HomeWork0414", "{06C22AE4-B35E-4D0E-94E4-83D91DB03BC1}"
EndProject
Project("{8BC9CEB8-8B4A-11D0-8D11-00A0C91BC942}") = "BombGame", "BombGame\BombGame.vcxproj", "{88B727DA-12B3-4949-BD1F-CE80084C83B5}"
EndProject
Project("{8BC9CEB8-8B4A-11D0-8D11-00A0C91BC942}") = "SnakeGame", "SnakeGame\SnakeGame.vcxproj", "{E2664E90-D8B2-4B8B-9254-96298770DE7B}"
EndProject
Project("{8BC9CEB8-8B4A-11D0-8D11-00A0C91BC942}") = "HomeWork0418", "HomeWork0418\HomeWork0418.vcxproj", "{9211640D-A580-42E5-877A-0530040B3467}"
EndProject
Project("{8BC9CEB8-8B4A-11D0-8D11-00A0C91BC942}") = "HomeWork0420", "HomeWork0420\HomeWork0420.vcxproj", "{4D748DA0-96DC-4BB7-AF75-6E1409CDE84B}"
EndProject
Global
	GlobalSection(SolutionConfigurationPlatforms) = preSolution
		Debug|x64 = Debug|x64
		Debug|x86 = Debug|x86
		Release|x64 = Release|x64
		Release|x86 = Release|x86
	EndGlobalSection
	GlobalSection(ProjectConfigurationPlatforms) = postSolution
		{C0AE4BC8-B0BF-49FF-BE13-46553D3CCE5D}.Debug|x64.ActiveCfg = Debug|x64
		{C0AE4BC8-B0BF-49FF-BE13-46553D3CCE5D}.Debug|x64.Build.0 = Debug|x64
		{C0AE4BC8-B0BF-49FF-BE13-46553D3CCE5D}.Debug|x86.ActiveCfg = Debug|Win32
		{C0AE4BC8-B0BF-49FF-BE13-46553D3CCE5D}.Debug|x86.Build.0 = Debug|Win32
		{C0AE4BC8-B0BF-49FF-BE13-46553D3CCE5D}.Release|x64.ActiveCfg = Release|x64
		{C0AE4BC8-B0BF-49FF-BE13-46553D3CCE5D}.Release|x64.Build.0 = Release|x64
		{C0AE4BC8-B0BF-49FF-BE13-46553D3CCE5D}.Release|x86.ActiveCfg = Release|Win32
		{C0AE4BC8-B0BF-49FF-BE13-46553D3CCE5D}.Release|x86.Build.0 = Release|Win32
		{CD757C77-BFB1-4AA0-AD29-3752180AE326}.Debug|x64.ActiveCfg = Debug|x64
		{CD757C77-BFB1-4AA0-AD29-3752180AE326}.Debug|x64.Build.0 = Debug|x64
		{CD757C77-BFB1-4AA0-AD29-3752180AE326}.Debug|x86.ActiveCfg = Debug|Win32
		{CD757C77-BFB1-4AA0-AD29-3752180AE326}.Debug|x86.Build.0 = Debug|Win32
		{CD757C77-BFB1-4AA0-AD29-3752180AE326}.Release|x64.ActiveCfg = Release|x64
		{CD757C77-BFB1-4AA0-AD29-3752180AE326}.Release|x64.Build.0 = Release|x64
		{CD757C77-BFB1-4AA0-AD29-3752180AE326}.Release|x86.ActiveCfg = Release|Win32
		{CD757C77-BFB1-4AA0-AD29-3752180AE326}.Release|x86.Build.0 = Release|Win32
		{269B33E4-B85C-4F80-BBD0-3C08055E7946}.Debug|x64.ActiveCfg = Debug|x64
		{269B33E4-B85C-4F80-BBD0-3C08055E7946}.Debug|x64.Build.0 = Debug|x64
		{269B33E4-B85C-4F80-BBD0-3C08055E7946}.Debug|x86.ActiveCfg = Debug|Win32
		{269B33E4-B85C-4F80-BBD0-3C08055E7946}.Debug|x86.Build.0 = Debug|Win32
		{269B33E4-B85C-4F80-BBD0-3C08055E7946}.Release|x64.ActiveCfg = Release|x64
		{269B33E4-B85C-4F80-BBD0-3C08055E7946}.Release|x64.Build.0 = Release|x64
		{269B33E4-B85C-4F80-BBD0-3C08055E7946}.Release|x86.ActiveCfg = Release|Win32
		{269B33E4-B85C-4F80-BBD0-3C08055E7946}.Release|x86.Build.0 = Release|Win32
		{52951895-7A88-4928-9CFA-40890F50FD11}.Debug|x64.ActiveCfg = Debug|x64
		{52951895-7A88-4928-9CFA-40890F50FD11}.Debug|x64.Build.0 = Debug|x64
		{52951895-7A88-4928-9CFA-40890F50FD11}.Debug|x86.ActiveCfg = Debug|Win32
		{52951895-7A88-4928-9CFA-40890F50FD11}.Debug|x86.Build.0 = Debug|Win32
		{52951895-7A88-4928-9CFA-40890F50FD11}.Release|x64.ActiveCfg = Release|x64
		{52951895-7A88-4928-9CFA-40890F50FD11}.Release|x64.Build.0 = Release|x64
		{52951895-7A88-4928-9CFA-40890F50FD11}.Release|x86.ActiveCfg = Release|Win32
		{52951895-7A88-4928-9CFA-40890F50FD11}.Release|x86.Build.0 = Release|Win32
		{2DE6695C-B1B3-41E1-9FD5-11FBBF9FFF1A}.Debug|x64.ActiveCfg = Debug|x64
		{2DE6695C-B1B3-41E1-9FD5-11FBBF9FFF1A}.Debug|x64.Build.0 = Debug|x64
		{2DE6695C-B1B3-41E1-9FD5-11FBBF9FFF1A}.Debug|x86.ActiveCfg = Debug|Win32
		{2DE6695C-B1B3-41E1-9FD5-11FBBF9FFF1A}.Debug|x86.Build.0 = Debug|Win32
		{2DE6695C-B1B3-41E1-9FD5-11FBBF9FFF1A}.Release|x64.ActiveCfg = Release|x64
		{2DE6695C-B1B3-41E1-9FD5-11FBBF9FFF1A}.Release|x64.Build.0 = Release|x64
		{2DE6695C-B1B3-41E1-9FD5-11FBBF9FFF1A}.Release|x86.ActiveCfg = Release|Win32
		{2DE6695C-B1B3-41E1-9FD5-11FBBF9FFF1A}.Release|x86.Build.0 = Release|Win32
		{E423A8D0-DF6C-4C10-A1BF-D3B421A26EF3}.Debug|x64.ActiveCfg = Debug|x64
		{E423A8D0-DF6C-4C10-A1BF-D3B421A26EF3}.Debug|x64.Build.0 = Debug|x64
		{E423A8D0-DF6C-4C10-A1BF-D3B421A26EF3}.Debug|x86.ActiveCfg = Debug|Win32
		{E423A8D0-DF6C-4C10-A1BF-D3B421A26EF3}.Debug|x86.Build.0 = Debug|Win32
		{E423A8D0-DF6C-4C10-A1BF-D3B421A26EF3}.Release|x64.ActiveCfg = Release|x64
		{E423A8D0-DF6C-4C10-A1BF-D3B421A26EF3}.Release|x64.Build.0 = Release|x64
		{E423A8D0-DF6C-4C10-A1BF-D3B421A26EF3}.Release|x86.ActiveCfg = Release|Win32
		{E423A8D0-DF6C-4C10-A1BF-D3B421A26EF3}.Release|x86.Build.0 = Release|Win32
		{B7B3AE5D-D512-4EA3-91FE-4103E3987AC8}.Debug|x64.ActiveCfg = Debug|x64
		{B7B3AE5D-D512-4EA3-91FE-4103E3987AC8}.Debug|x64.Build.0 = Debug|x64
		{B7B3AE5D-D512-4EA3-91FE-4103E3987AC8}.Debug|x86.ActiveCfg = Debug|Win32
		{B7B3AE5D-D512-4EA3-91FE-4103E3987AC8}.Debug|x86.Build.0 = Debug|Win32
		{B7B3AE5D-D512-4EA3-91FE-4103E3987AC8}.Release|x64.ActiveCfg = Release|x64
		{B7B3AE5D-D512-4EA3-91FE-4103E3987AC8}.Release|x64.Build.0 = Release|x64
		{B7B3AE5D-D512-4EA3-91FE-4103E3987AC8}.Release|x86.ActiveCfg = Release|Win32
		{B7B3AE5D-D512-4EA3-91FE-4103E3987AC8}.Release|x86.Build.0 = Release|Win32
		{D11703CC-D5F0-4F31-87A3-583D6389B2F0}.Debug|x64.ActiveCfg = Debug|x64
		{D11703CC-D5F0-4F31-87A3-583D6389B2F0}.Debug|x64.Build.0 = Debug|x64
		{D11703CC-D5F0-4F31-87A3-583D6389B2F0}.Debug|x86.ActiveCfg = Debug|Win32
		{D11703CC-D5F0-4F31-87A3-583D6389B2F0}.Debug|x86.Build.0 = Debug|Win32
		{D11703CC-D5F0-4F31-87A3-583D6389B2F0}.Release|x64.ActiveCfg = Release|x64
		{D11703CC-D5F0-4F31-87A3-583D6389B2F0}.Release|x64.Build.0 = Release|x64
		{D11703CC-D5F0-4F31-87A3-583D6389B2F0}.Release|x86.ActiveCfg = Release|Win32
		{D11703CC-D5F0-4F31-87A3-583D6389B2F0}.Release|x86.Build.0 = Release|Win32
		{87A941EB-EAF5-4409-857F-540C34F8003C}.Debug|x64.ActiveCfg = Debug|x64
		{87A941EB-EAF5-4409-857F-540C34F8003C}.Debug|x64.Build.0 = Debug|x64
		{87A941EB-EAF5-4409-857F-540C34F8003C}.Debug|x86.ActiveCfg = Debug|Win32
		{87A941EB-EAF5-4409-857F-540C34F8003C}.Debug|x86.Build.0 = Debug|Win32
		{87A941EB-EAF5-4409-857F-540C34F8003C}.Release|x64.ActiveCfg = Release|x64
		{87A941EB-EAF5-4409-857F-540C34F8003C}.Release|x64.Build.0 = Release|x64
		{87A941EB-EAF5-4409-857F-540C34F8003C}.Release|x86.ActiveCfg = Release|Win32
		{87A941EB-EAF5-4409-857F-540C34F8003C}.Release|x86.Build.0 = Release|Win32
		{D50C40F3-DDA5-4A31-85B0-9A83ED1114C9}.Debug|x64.ActiveCfg = Debug|x64
		{D50C40F3-DDA5-4A31-85B0-9A83ED1114C9}.Debug|x64.Build.0 = Debug|x64
		{D50C40F3-DDA5-4A31-85B0-9A83ED1114C9}.Debug|x86.ActiveCfg = Debug|Win32
		{D50C40F3-DDA5-4A31-85B0-9A83ED1114C9}.Debug|x86.Build.0 = Debug|Win32
		{D50C40F3-DDA5-4A31-85B0-9A83ED1114C9}.Release|x64.ActiveCfg = Release|x64
		{D50C40F3-DDA5-4A31-85B0-9A83ED1114C9}.Release|x64.Build.0 = Release|x64
		{D50C40F3-DDA5-4A31-85B0-9A83ED1114C9}.Release|x86.ActiveCfg = Release|Win32
		{D50C40F3-DDA5-4A31-85B0-9A83ED1114C9}.Release|x86.Build.0 = Release|Win32
		{F08BA8D1-0735-4EC2-B062-EAC0FA25FE48}.Debug|x64.ActiveCfg = Debug|x64
		{F08BA8D1-0735-4EC2-B062-EAC0FA25FE48}.Debug|x64.Build.0 = Debug|x64
		{F08BA8D1-0735-4EC2-B062-EAC0FA25FE48}.Debug|x86.ActiveCfg = Debug|Win32
		{F08BA8D1-0735-4EC2-B062-EAC0FA25FE48}.Debug|x86.Build.0 = Debug|Win32
		{F08BA8D1-0735-4EC2-B062-EAC0FA25FE48}.Release|x64.ActiveCfg = Release|x64
		{F08BA8D1-0735-4EC2-B062-EAC0FA25FE48}.Release|x64.Build.0 = Release|x64
		{F08BA8D1-0735-4EC2-B062-EAC0FA25FE48}.Release|x86.ActiveCfg = Release|Win32
		{F08BA8D1-0735-4EC2-B062-EAC0FA25FE48}.Release|x86.Build.0 = Release|Win32
		{AC5D2E73-EBFB-4063-ACD0-A9017086E827}.Debug|x64.ActiveCfg = Debug|x64
		{AC5D2E73-EBFB-4063-ACD0-A9017086E827}.Debug|x64.Build.0 = Debug|x64
		{AC5D2E73-EBFB-4063-ACD0-A9017086E827}.Debug|x86.ActiveCfg = Debug|Win32
		{AC5D2E73-EBFB-4063-ACD0-A9017086E827}.Debug|x86.Build.0 = Debug|Win32
		{AC5D2E73-EBFB-4063-ACD0-A9017086E827}.Release|x64.ActiveCfg = Release|x64
		{AC5D2E73-EBFB-4063-ACD0-A9017086E827}.Release|x64.Build.0 = Release|x64
		{AC5D2E73-EBFB-4063-ACD0-A9017086E827}.Release|x86.ActiveCfg = Release|Win32
		{AC5D2E73-EBFB-4063-ACD0-A9017086E827}.Release|x86.Build.0 = Release|Win32
		{60FEADF2-1005-4ABF-8687-F8CA9B744CE4}.Debug|x64.ActiveCfg = Debug|x64
		{60FEADF2-1005-4ABF-8687-F8CA9B744CE4}.Debug|x64.Build.0 = Debug|x64
		{60FEADF2-1005-4ABF-8687-F8CA9B744CE4}.Debug|x86.ActiveCfg = Debug|Win32
		{60FEADF2-1005-4ABF-8687-F8CA9B744CE4}.Debug|x86.Build.0 = Debug|Win32
		{60FEADF2-1005-4ABF-8687-F8CA9B744CE4}.Release|x64.ActiveCfg = Release|x64
		{60FEADF2-1005-4ABF-8687-F8CA9B744CE4}.Release|x64.Build.0 = Release|x64
		{60FEADF2-1005-4ABF-8687-F8CA9B744CE4}.Release|x86.ActiveCfg = Release|Win32
		{60FEADF2-1005-4ABF-8687-F8CA9B744CE4}.Release|x86.Build.0 = Release|Win32
		{CAD29BFC-BE18-4C7F-876C-A6B1255B2E68}.Debug|x64.ActiveCfg = Debug|x64
		{CAD29BFC-BE18-4C7F-876C-A6B1255B2E68}.Debug|x64.Build.0 = Debug|x64
		{CAD29BFC-BE18-4C7F-876C-A6B1255B2E68}.Debug|x86.ActiveCfg = Debug|Win32
		{CAD29BFC-BE18-4C7F-876C-A6B1255B2E68}.Debug|x86.Build.0 = Debug|Win32
		{CAD29BFC-BE18-4C7F-876C-A6B1255B2E68}.Release|x64.ActiveCfg = Release|x64
		{CAD29BFC-BE18-4C7F-876C-A6B1255B2E68}.Release|x64.Build.0 = Release|x64
		{CAD29BFC-BE18-4C7F-876C-A6B1255B2E68}.Release|x86.ActiveCfg = Release|Win32
		{CAD29BFC-BE18-4C7F-876C-A6B1255B2E68}.Release|x86.Build.0 = Release|Win32
		{331187BB-2BF4-4E56-8007-51AB6D436B7E}.Debug|x64.ActiveCfg = Debug|x64
		{331187BB-2BF4-4E56-8007-51AB6D436B7E}.Debug|x64.Build.0 = Debug|x64
		{331187BB-2BF4-4E56-8007-51AB6D436B7E}.Debug|x86.ActiveCfg = Debug|Win32
		{331187BB-2BF4-4E56-8007-51AB6D436B7E}.Debug|x86.Build.0 = Debug|Win32
		{331187BB-2BF4-4E56-8007-51AB6D436B7E}.Release|x64.ActiveCfg = Release|x64
		{331187BB-2BF4-4E56-8007-51AB6D436B7E}.Release|x64.Build.0 = Release|x64
		{331187BB-2BF4-4E56-8007-51AB6D436B7E}.Release|x86.ActiveCfg = Release|Win32
		{331187BB-2BF4-4E56-8007-51AB6D436B7E}.Release|x86.Build.0 = Release|Win32
		{F6AED5B6-F980-4436-8369-039A3AF35777}.Debug|x64.ActiveCfg = Debug|x64
		{F6AED5B6-F980-4436-8369-039A3AF35777}.Debug|x64.Build.0 = Debug|x64
		{F6AED5B6-F980-4436-8369-039A3AF35777}.Debug|x86.ActiveCfg = Debug|Win32
		{F6AED5B6-F980-4436-8369-039A3AF35777}.Debug|x86.Build.0 = Debug|Win32
		{F6AED5B6-F980-4436-8369-039A3AF35777}.Release|x64.ActiveCfg = Release|x64
		{F6AED5B6-F980-4436-8369-039A3AF35777}.Release|x64.Build.0 = Release|x64
		{F6AED5B6-F980-4436-8369-039A3AF35777}.Release|x86.ActiveCfg = Release|Win32
		{F6AED5B6-F980-4436-8369-039A3AF35777}.Release|x86.Build.0 = Release|Win32
		{CFF8C650-3D13-4625-BF79-9E49A4075F60}.Debug|x64.ActiveCfg = Debug|x64
		{CFF8C650-3D13-4625-BF79-9E49A4075F60}.Debug|x64.Build.0 = Debug|x64
		{CFF8C650-3D13-4625-BF79-9E49A4075F60}.Debug|x86.ActiveCfg = Debug|Win32
		{CFF8C650-3D13-4625-BF79-9E49A4075F60}.Debug|x86.Build.0 = Debug|Win32
		{CFF8C650-3D13-4625-BF79-9E49A4075F60}.Release|x64.ActiveCfg = Release|x64
		{CFF8C650-3D13-4625-BF79-9E49A4075F60}.Release|x64.Build.0 = Release|x64
		{CFF8C650-3D13-4625-BF79-9E49A4075F60}.Release|x86.ActiveCfg = Release|Win32
		{CFF8C650-3D13-4625-BF79-9E49A4075F60}.Release|x86.Build.0 = Release|Win32
		{14F87D79-DB1E-4663-892F-3A2BCD73B160}.Debug|x64.ActiveCfg = Debug|x64
		{14F87D79-DB1E-4663-892F-3A2BCD73B160}.Debug|x64.Build.0 = Debug|x64
		{14F87D79-DB1E-4663-892F-3A2BCD73B160}.Debug|x86.ActiveCfg = Debug|Win32
		{14F87D79-DB1E-4663-892F-3A2BCD73B160}.Debug|x86.Build.0 = Debug|Win32
		{14F87D79-DB1E-4663-892F-3A2BCD73B160}.Release|x64.ActiveCfg = Release|x64
		{14F87D79-DB1E-4663-892F-3A2BCD73B160}.Release|x64.Build.0 = Release|x64
		{14F87D79-DB1E-4663-892F-3A2BCD73B160}.Release|x86.ActiveCfg = Release|Win32
		{14F87D79-DB1E-4663-892F-3A2BCD73B160}.Release|x86.Build.0 = Release|Win32
		{28DF2DDB-4DC1-4EA0-A6C3-99EEBB9A28B4}.Debug|x64.ActiveCfg = Debug|x64
		{28DF2DDB-4DC1-4EA0-A6C3-99EEBB9A28B4}.Debug|x64.Build.0 = Debug|x64
		{28DF2DDB-4DC1-4EA0-A6C3-99EEBB9A28B4}.Debug|x86.ActiveCfg = Debug|Win32
		{28DF2DDB-4DC1-4EA0-A6C3-99EEBB9A28B4}.Debug|x86.Build.0 = Debug|Win32
		{28DF2DDB-4DC1-4EA0-A6C3-99EEBB9A28B4}.Release|x64.ActiveCfg = Release|x64
		{28DF2DDB-4DC1-4EA0-A6C3-99EEBB9A28B4}.Release|x64.Build.0 = Release|x64
		{28DF2DDB-4DC1-4EA0-A6C3-99EEBB9A28B4}.Release|x86.ActiveCfg = Release|Win32
		{28DF2DDB-4DC1-4EA0-A6C3-99EEBB9A28B4}.Release|x86.Build.0 = Release|Win32
		{88B727DA-12B3-4949-BD1F-CE80084C83B5}.Debug|x64.ActiveCfg = Debug|x64
		{88B727DA-12B3-4949-BD1F-CE80084C83B5}.Debug|x64.Build.0 = Debug|x64
		{88B727DA-12B3-4949-BD1F-CE80084C83B5}.Debug|x86.ActiveCfg = Debug|Win32
		{88B727DA-12B3-4949-BD1F-CE80084C83B5}.Debug|x86.Build.0 = Debug|Win32
		{88B727DA-12B3-4949-BD1F-CE80084C83B5}.Release|x64.ActiveCfg = Release|x64
		{88B727DA-12B3-4949-BD1F-CE80084C83B5}.Release|x64.Build.0 = Release|x64
		{88B727DA-12B3-4949-BD1F-CE80084C83B5}.Release|x86.ActiveCfg = Release|Win32
		{88B727DA-12B3-4949-BD1F-CE80084C83B5}.Release|x86.Build.0 = Release|Win32
		{E2664E90-D8B2-4B8B-9254-96298770DE7B}.Debug|x64.ActiveCfg = Debug|x64
		{E2664E90-D8B2-4B8B-9254-96298770DE7B}.Debug|x64.Build.0 = Debug|x64
		{E2664E90-D8B2-4B8B-9254-96298770DE7B}.Debug|x86.ActiveCfg = Debug|Win32
		{E2664E90-D8B2-4B8B-9254-96298770DE7B}.Debug|x86.Build.0 = Debug|Win32
		{E2664E90-D8B2-4B8B-9254-96298770DE7B}.Release|x64.ActiveCfg = Release|x64
		{E2664E90-D8B2-4B8B-9254-96298770DE7B}.Release|x64.Build.0 = Release|x64
		{E2664E90-D8B2-4B8B-9254-96298770DE7B}.Release|x86.ActiveCfg = Release|Win32
		{E2664E90-D8B2-4B8B-9254-96298770DE7B}.Release|x86.Build.0 = Release|Win32
		{9211640D-A580-42E5-877A-0530040B3467}.Debug|x64.ActiveCfg = Debug|x64
		{9211640D-A580-42E5-877A-0530040B3467}.Debug|x64.Build.0 = Debug|x64
		{9211640D-A580-42E5-877A-0530040B3467}.Debug|x86.ActiveCfg = Debug|Win32
		{9211640D-A580-42E5-877A-0530040B3467}.Debug|x86.Build.0 = Debug|Win32
		{9211640D-A580-42E5-877A-0530040B3467}.Release|x64.ActiveCfg = Release|x64
		{9211640D-A580-42E5-877A-0530040B3467}.Release|x64.Build.0 = Release|x64
		{9211640D-A580-42E5-877A-0530040B3467}.Release|x86.ActiveCfg = Release|Win32
		{9211640D-A580-42E5-877A-0530040B3467}.Release|x86.Build.0 = Release|Win32
		{4D748DA0-96DC-4BB7-AF75-6E1409CDE84B}.Debug|x64.ActiveCfg = Debug|x64
		{4D748DA0-96DC-4BB7-AF75-6E1409CDE84B}.Debug|x64.Build.0 = Debug|x64
		{4D748DA0-96DC-4BB7-AF75-6E1409CDE84B}.Debug|x86.ActiveCfg = Debug|Win32
		{4D748DA0-96DC-4BB7-AF75-6E1409CDE84B}.Debug|x86.Build.0 = Debug|Win32
		{4D748DA0-96DC-4BB7-AF75-6E1409CDE84B}.Release|x64.ActiveCfg = Release|x64
		{4D748DA0-96DC-4BB7-AF75-6E1409CDE84B}.Release|x64.Build.0 = Release|x64
		{4D748DA0-96DC-4BB7-AF75-6E1409CDE84B}.Release|x86.ActiveCfg = Release|Win32
		{4D748DA0-96DC-4BB7-AF75-6E1409CDE84B}.Release|x86.Build.0 = Release|Win32
	EndGlobalSection
	GlobalSection(SolutionProperties) = preSolution
		HideSolutionNode = FALSE
	EndGlobalSection
	GlobalSection(NestedProjects) = preSolution
		{87A941EB-EAF5-4409-857F-540C34F8003C} = {8D2D9454-7C0C-4EF4-9763-F539FF0705B3}
		{F08BA8D1-0735-4EC2-B062-EAC0FA25FE48} = {211A101F-D0B4-409B-A4D9-37631C0A28B4}
		{AC5D2E73-EBFB-4063-ACD0-A9017086E827} = {211A101F-D0B4-409B-A4D9-37631C0A28B4}
		{331187BB-2BF4-4E56-8007-51AB6D436B7E} = {25C50BDC-5902-4885-8CF0-9DE79204B161}
		{F6AED5B6-F980-4436-8369-039A3AF35777} = {25C50BDC-5902-4885-8CF0-9DE79204B161}
		{CFF8C650-3D13-4625-BF79-9E49A4075F60} = {25C50BDC-5902-4885-8CF0-9DE79204B161}
		{14F87D79-DB1E-4663-892F-3A2BCD73B160} = {25C50BDC-5902-4885-8CF0-9DE79204B161}
		{88B727DA-12B3-4949-BD1F-CE80084C83B5} = {06C22AE4-B35E-4D0E-94E4-83D91DB03BC1}
		{E2664E90-D8B2-4B8B-9254-96298770DE7B} = {06C22AE4-B35E-4D0E-94E4-83D91DB03BC1}
	EndGlobalSection
	GlobalSection(ExtensibilityGlobals) = postSolution
		SolutionGuid = {51593F6E-E6D1-466A-879C-5E79E84A0DA5}
	EndGlobalSection
EndGlobal
