
Microsoft Visual Studio Solution File, Format Version 12.00
# Visual Studio Version 17
VisualStudioVersion = 17.5.33424.131
MinimumVisualStudioVersion = 10.0.40219.1
Project("{8BC9CEB8-8B4A-11D0-8D11-00A0C91BC942}") = "HomeWork0317", "HomeWork0317\HomeWork0317.vcxproj", "{C0AE4BC8-B0BF-49FF-BE13-46553D3CCE5D}"
EndProject
Project("{8BC9CEB8-8B4A-11D0-8D11-00A0C91BC942}") = "HomeWork0321", "HomeWork0321\HomeWork0321.vcxproj", "{CD757C77-BFB1-4AA0-AD29-3752180AE326}"
EndProject
Project("{8BC9CEB8-8B4A-11D0-8D11-00A0C91BC942}") = "HomeWork0323", "HomeWork0323\HomeWork0323.vcxproj", "{269B33E4-B85C-4F80-BBD0-3C08055E7946}"
EndProject
Project("{8BC9CEB8-8B4A-11D0-8D11-00A0C91BC942}") = "HomeWork0324", "HomeWork0324\HomeWork0324.vcxproj", "{52951895-7A88-4928-9CFA-40890F50FD11}"
EndProject
Project("{8BC9CEB8-8B4A-11D0-8D11-00A0C91BC942}") = "HomeWork0327", "HomeWork0327\HomeWork0327.vcxproj", "{2DE6695C-B1B3-41E1-9FD5-11FBBF9FFF1A}"
EndProject
Project("{8BC9CEB8-8B4A-11D0-8D11-00A0C91BC942}") = "HomeWork0329", "HomeWork0329\HomeWork0329.vcxproj", "{E423A8D0-DF6C-4C10-A1BF-D3B421A26EF3}"
EndProject
Project("{8BC9CEB8-8B4A-11D0-8D11-00A0C91BC942}") = "HomeWork0330", "HomeWork0330\HomeWork0330.vcxproj", "{B7B3AE5D-D512-4EA3-91FE-4103E3987AC8}"
EndProject
Project("{8BC9CEB8-8B4A-11D0-8D11-00A0C91BC942}") = "HomeWork0331", "HomeWork0331\HomeWork0331.vcxproj", "{D11703CC-D5F0-4F31-87A3-583D6389B2F0}"
EndProject
Project("{2150E333-8FDC-42A3-9474-1A3956D46DE8}") = "ETC", "ETC", "{8D2D9454-7C0C-4EF4-9763-F539FF0705B3}"
EndProject
Project("{8BC9CEB8-8B4A-11D0-8D11-00A0C91BC942}") = "ClassDefault", "ClassDefault\ClassDefault.vcxproj", "{87A941EB-EAF5-4409-857F-540C34F8003C}"
EndProject
Project("{8BC9CEB8-8B4A-11D0-8D11-00A0C91BC942}") = "HomeWork0405", "HomeWork0405\HomeWork0405.vcxproj", "{D50C40F3-DDA5-4A31-85B0-9A83ED1114C9}"
EndProject
Global
	GlobalSection(SolutionConfigurationPlatforms) = preSolution
		Debug|x64 = Debug|x64
		Debug|x86 = Debug|x86
		Release|x64 = Release|x64
		Release|x86 = Release|x86
	EndGlobalSection
	GlobalSection(ProjectConfigurationPlatforms) = postSolution
		{C0AE4BC8-B0BF-49FF-BE13-46553D3CCE5D}.Debug|x64.ActiveCfg = Debug|x64
		{C0AE4BC8-B0BF-49FF-BE13-46553D3CCE5D}.Debug|x64.Build.0 = Debug|x64
		{C0AE4BC8-B0BF-49FF-BE13-46553D3CCE5D}.Debug|x86.ActiveCfg = Debug|Win32
		{C0AE4BC8-B0BF-49FF-BE13-46553D3CCE5D}.Debug|x86.Build.0 = Debug|Win32
		{C0AE4BC8-B0BF-49FF-BE13-46553D3CCE5D}.Release|x64.ActiveCfg = Release|x64
		{C0AE4BC8-B0BF-49FF-BE13-46553D3CCE5D}.Release|x64.Build.0 = Release|x64
		{C0AE4BC8-B0BF-49FF-BE13-46553D3CCE5D}.Release|x86.ActiveCfg = Release|Win32
		{C0AE4BC8-B0BF-49FF-BE13-46553D3CCE5D}.Release|x86.Build.0 = Release|Win32
		{CD757C77-BFB1-4AA0-AD29-3752180AE326}.Debug|x64.ActiveCfg = Debug|x64
		{CD757C77-BFB1-4AA0-AD29-3752180AE326}.Debug|x64.Build.0 = Debug|x64
		{CD757C77-BFB1-4AA0-AD29-3752180AE326}.Debug|x86.ActiveCfg = Debug|Win32
		{CD757C77-BFB1-4AA0-AD29-3752180AE326}.Debug|x86.Build.0 = Debug|Win32
		{CD757C77-BFB1-4AA0-AD29-3752180AE326}.Release|x64.ActiveCfg = Release|x64
		{CD757C77-BFB1-4AA0-AD29-3752180AE326}.Release|x64.Build.0 = Release|x64
		{CD757C77-BFB1-4AA0-AD29-3752180AE326}.Release|x86.ActiveCfg = Release|Win32
		{CD757C77-BFB1-4AA0-AD29-3752180AE326}.Release|x86.Build.0 = Release|Win32
		{269B33E4-B85C-4F80-BBD0-3C08055E7946}.Debug|x64.ActiveCfg = Debug|x64
		{269B33E4-B85C-4F80-BBD0-3C08055E7946}.Debug|x64.Build.0 = Debug|x64
		{269B33E4-B85C-4F80-BBD0-3C08055E7946}.Debug|x86.ActiveCfg = Debug|Win32
		{269B33E4-B85C-4F80-BBD0-3C08055E7946}.Debug|x86.Build.0 = Debug|Win32
		{269B33E4-B85C-4F80-BBD0-3C08055E7946}.Release|x64.ActiveCfg = Release|x64
		{269B33E4-B85C-4F80-BBD0-3C08055E7946}.Release|x64.Build.0 = Release|x64
		{269B33E4-B85C-4F80-BBD0-3C08055E7946}.Release|x86.ActiveCfg = Release|Win32
		{269B33E4-B85C-4F80-BBD0-3C08055E7946}.Release|x86.Build.0 = Release|Win32
		{52951895-7A88-4928-9CFA-40890F50FD11}.Debug|x64.ActiveCfg = Debug|x64
		{52951895-7A88-4928-9CFA-40890F50FD11}.Debug|x64.Build.0 = Debug|x64
		{52951895-7A88-4928-9CFA-40890F50FD11}.Debug|x86.ActiveCfg = Debug|Win32
		{52951895-7A88-4928-9CFA-40890F50FD11}.Debug|x86.Build.0 = Debug|Win32
		{52951895-7A88-4928-9CFA-40890F50FD11}.Release|x64.ActiveCfg = Release|x64
		{52951895-7A88-4928-9CFA-40890F50FD11}.Release|x64.Build.0 = Release|x64
		{52951895-7A88-4928-9CFA-40890F50FD11}.Release|x86.ActiveCfg = Release|Win32
		{52951895-7A88-4928-9CFA-40890F50FD11}.Release|x86.Build.0 = Release|Win32
		{2DE6695C-B1B3-41E1-9FD5-11FBBF9FFF1A}.Debug|x64.ActiveCfg = Debug|x64
		{2DE6695C-B1B3-41E1-9FD5-11FBBF9FFF1A}.Debug|x64.Build.0 = Debug|x64
		{2DE6695C-B1B3-41E1-9FD5-11FBBF9FFF1A}.Debug|x86.ActiveCfg = Debug|Win32
		{2DE6695C-B1B3-41E1-9FD5-11FBBF9FFF1A}.Debug|x86.Build.0 = Debug|Win32
		{2DE6695C-B1B3-41E1-9FD5-11FBBF9FFF1A}.Release|x64.ActiveCfg = Release|x64
		{2DE6695C-B1B3-41E1-9FD5-11FBBF9FFF1A}.Release|x64.Build.0 = Release|x64
		{2DE6695C-B1B3-41E1-9FD5-11FBBF9FFF1A}.Release|x86.ActiveCfg = Release|Win32
		{2DE6695C-B1B3-41E1-9FD5-11FBBF9FFF1A}.Release|x86.Build.0 = Release|Win32
		{E423A8D0-DF6C-4C10-A1BF-D3B421A26EF3}.Debug|x64.ActiveCfg = Debug|x64
		{E423A8D0-DF6C-4C10-A1BF-D3B421A26EF3}.Debug|x64.Build.0 = Debug|x64
		{E423A8D0-DF6C-4C10-A1BF-D3B421A26EF3}.Debug|x86.ActiveCfg = Debug|Win32
		{E423A8D0-DF6C-4C10-A1BF-D3B421A26EF3}.Debug|x86.Build.0 = Debug|Win32
		{E423A8D0-DF6C-4C10-A1BF-D3B421A26EF3}.Release|x64.ActiveCfg = Release|x64
		{E423A8D0-DF6C-4C10-A1BF-D3B421A26EF3}.Release|x64.Build.0 = Release|x64
		{E423A8D0-DF6C-4C10-A1BF-D3B421A26EF3}.Release|x86.ActiveCfg = Release|Win32
		{E423A8D0-DF6C-4C10-A1BF-D3B421A26EF3}.Release|x86.Build.0 = Release|Win32
		{B7B3AE5D-D512-4EA3-91FE-4103E3987AC8}.Debug|x64.ActiveCfg = Debug|x64
		{B7B3AE5D-D512-4EA3-91FE-4103E3987AC8}.Debug|x64.Build.0 = Debug|x64
		{B7B3AE5D-D512-4EA3-91FE-4103E3987AC8}.Debug|x86.ActiveCfg = Debug|Win32
		{B7B3AE5D-D512-4EA3-91FE-4103E3987AC8}.Debug|x86.Build.0 = Debug|Win32
		{B7B3AE5D-D512-4EA3-91FE-4103E3987AC8}.Release|x64.ActiveCfg = Release|x64
		{B7B3AE5D-D512-4EA3-91FE-4103E3987AC8}.Release|x64.Build.0 = Release|x64
		{B7B3AE5D-D512-4EA3-91FE-4103E3987AC8}.Release|x86.ActiveCfg = Release|Win32
		{B7B3AE5D-D512-4EA3-91FE-4103E3987AC8}.Release|x86.Build.0 = Release|Win32
		{D11703CC-D5F0-4F31-87A3-583D6389B2F0}.Debug|x64.ActiveCfg = Debug|x64
		{D11703CC-D5F0-4F31-87A3-583D6389B2F0}.Debug|x64.Build.0 = Debug|x64
		{D11703CC-D5F0-4F31-87A3-583D6389B2F0}.Debug|x86.ActiveCfg = Debug|Win32
		{D11703CC-D5F0-4F31-87A3-583D6389B2F0}.Debug|x86.Build.0 = Debug|Win32
		{D11703CC-D5F0-4F31-87A3-583D6389B2F0}.Release|x64.ActiveCfg = Release|x64
		{D11703CC-D5F0-4F31-87A3-583D6389B2F0}.Release|x64.Build.0 = Release|x64
		{D11703CC-D5F0-4F31-87A3-583D6389B2F0}.Release|x86.ActiveCfg = Release|Win32
		{D11703CC-D5F0-4F31-87A3-583D6389B2F0}.Release|x86.Build.0 = Release|Win32
		{87A941EB-EAF5-4409-857F-540C34F8003C}.Debug|x64.ActiveCfg = Debug|x64
		{87A941EB-EAF5-4409-857F-540C34F8003C}.Debug|x64.Build.0 = Debug|x64
		{87A941EB-EAF5-4409-857F-540C34F8003C}.Debug|x86.ActiveCfg = Debug|Win32
		{87A941EB-EAF5-4409-857F-540C34F8003C}.Debug|x86.Build.0 = Debug|Win32
		{87A941EB-EAF5-4409-857F-540C34F8003C}.Release|x64.ActiveCfg = Release|x64
		{87A941EB-EAF5-4409-857F-540C34F8003C}.Release|x64.Build.0 = Release|x64
		{87A941EB-EAF5-4409-857F-540C34F8003C}.Release|x86.ActiveCfg = Release|Win32
		{87A941EB-EAF5-4409-857F-540C34F8003C}.Release|x86.Build.0 = Release|Win32
		{D50C40F3-DDA5-4A31-85B0-9A83ED1114C9}.Debug|x64.ActiveCfg = Debug|x64
		{D50C40F3-DDA5-4A31-85B0-9A83ED1114C9}.Debug|x64.Build.0 = Debug|x64
		{D50C40F3-DDA5-4A31-85B0-9A83ED1114C9}.Debug|x86.ActiveCfg = Debug|Win32
		{D50C40F3-DDA5-4A31-85B0-9A83ED1114C9}.Debug|x86.Build.0 = Debug|Win32
		{D50C40F3-DDA5-4A31-85B0-9A83ED1114C9}.Release|x64.ActiveCfg = Release|x64
		{D50C40F3-DDA5-4A31-85B0-9A83ED1114C9}.Release|x64.Build.0 = Release|x64
		{D50C40F3-DDA5-4A31-85B0-9A83ED1114C9}.Release|x86.ActiveCfg = Release|Win32
		{D50C40F3-DDA5-4A31-85B0-9A83ED1114C9}.Release|x86.Build.0 = Release|Win32
	EndGlobalSection
	GlobalSection(SolutionProperties) = preSolution
		HideSolutionNode = FALSE
	EndGlobalSection
	GlobalSection(NestedProjects) = preSolution
		{87A941EB-EAF5-4409-857F-540C34F8003C} = {8D2D9454-7C0C-4EF4-9763-F539FF0705B3}
	EndGlobalSection
	GlobalSection(ExtensibilityGlobals) = postSolution
		SolutionGuid = {51593F6E-E6D1-466A-879C-5E79E84A0DA5}
	EndGlobalSection
EndGlobal
